
Microsoft Visual Studio Solution File, Format Version 12.00
# Visual Studio 2013
VisualStudioVersion = 12.0.31101.0
MinimumVisualStudioVersion = 10.0.40219.1
Project("{FAE04EC0-301F-11D3-BF4B-00C04F79EFBC}") = "ExtendedFieldCalculatorWorkerQueue", "ExtendedFieldCalculatorWorkerQueue\ExtendedFieldCalculatorWorkerQueue.csproj", "{3477E726-BB81-4A10-8A70-81BBC15C9077}"
EndProject
Project("{FAE04EC0-301F-11D3-BF4B-00C04F79EFBC}") = "TaskQueuer", "TaskQueuer\TaskQueuer.csproj", "{A4C57F62-3AD3-4F9B-8E9A-1B541AE1E9ED}"
EndProject
Global
	GlobalSection(SolutionConfigurationPlatforms) = preSolution
		Debug|Any CPU = Debug|Any CPU
		Release|Any CPU = Release|Any CPU
	EndGlobalSection
	GlobalSection(ProjectConfigurationPlatforms) = postSolution
		{3477E726-BB81-4A10-8A70-81BBC15C9077}.Debug|Any CPU.ActiveCfg = Debug|Any CPU
		{3477E726-BB81-4A10-8A70-81BBC15C9077}.Debug|Any CPU.Build.0 = Debug|Any CPU
		{3477E726-BB81-4A10-8A70-81BBC15C9077}.Release|Any CPU.ActiveCfg = Release|Any CPU
		{3477E726-BB81-4A10-8A70-81BBC15C9077}.Release|Any CPU.Build.0 = Release|Any CPU
		{A4C57F62-3AD3-4F9B-8E9A-1B541AE1E9ED}.Debug|Any CPU.ActiveCfg = Debug|Any CPU
		{A4C57F62-3AD3-4F9B-8E9A-1B541AE1E9ED}.Debug|Any CPU.Build.0 = Debug|Any CPU
		{A4C57F62-3AD3-4F9B-8E9A-1B541AE1E9ED}.Release|Any CPU.ActiveCfg = Release|Any CPU
		{A4C57F62-3AD3-4F9B-8E9A-1B541AE1E9ED}.Release|Any CPU.Build.0 = Release|Any CPU
	EndGlobalSection
	GlobalSection(SolutionProperties) = preSolution
		HideSolutionNode = FALSE
	EndGlobalSection
EndGlobal
